// !$*UTF8*$!
{
	archiveVersion = 1;
	classes = {
	};
	objectVersion = 50;
	objects = {

/* Begin PBXBuildFile section */
		004EDD4525ADE3C400DE3468 /* AppDelegate.swift in Sources */ = {isa = PBXBuildFile; fileRef = 004EDD4425ADE3C400DE3468 /* AppDelegate.swift */; };
		004EDD4725ADE3C400DE3468 /* SceneDelegate.swift in Sources */ = {isa = PBXBuildFile; fileRef = 004EDD4625ADE3C400DE3468 /* SceneDelegate.swift */; };
		004EDD4925ADE3C400DE3468 /* ViewController.swift in Sources */ = {isa = PBXBuildFile; fileRef = 004EDD4825ADE3C400DE3468 /* ViewController.swift */; };
		004EDD4C25ADE3C400DE3468 /* Main.storyboard in Resources */ = {isa = PBXBuildFile; fileRef = 004EDD4A25ADE3C400DE3468 /* Main.storyboard */; };
		004EDD4E25ADE3C800DE3468 /* Assets.xcassets in Resources */ = {isa = PBXBuildFile; fileRef = 004EDD4D25ADE3C800DE3468 /* Assets.xcassets */; };
		004EDD5125ADE3C800DE3468 /* LaunchScreen.storyboard in Resources */ = {isa = PBXBuildFile; fileRef = 004EDD4F25ADE3C800DE3468 /* LaunchScreen.storyboard */; };
		004EDD5C25ADE3C800DE3468 /* SalesTaxTests.swift in Sources */ = {isa = PBXBuildFile; fileRef = 004EDD5B25ADE3C800DE3468 /* SalesTaxTests.swift */; };
		004EDD6725ADE3C800DE3468 /* SalesTaxUITests.swift in Sources */ = {isa = PBXBuildFile; fileRef = 004EDD6625ADE3C800DE3468 /* SalesTaxUITests.swift */; };
/* End PBXBuildFile section */

/* Begin PBXContainerItemProxy section */
		004EDD5825ADE3C800DE3468 /* PBXContainerItemProxy */ = {
			isa = PBXContainerItemProxy;
			containerPortal = 004EDD3925ADE3C400DE3468 /* Project object */;
			proxyType = 1;
			remoteGlobalIDString = 004EDD4025ADE3C400DE3468;
			remoteInfo = SalesTax;
		};
		004EDD6325ADE3C800DE3468 /* PBXContainerItemProxy */ = {
			isa = PBXContainerItemProxy;
			containerPortal = 004EDD3925ADE3C400DE3468 /* Project object */;
			proxyType = 1;
			remoteGlobalIDString = 004EDD4025ADE3C400DE3468;
			remoteInfo = SalesTax;
		};
/* End PBXContainerItemProxy section */

/* Begin PBXFileReference section */
		004EDD4125ADE3C400DE3468 /* SalesTax.app */ = {isa = PBXFileReference; explicitFileType = wrapper.application; includeInIndex = 0; path = SalesTax.app; sourceTree = BUILT_PRODUCTS_DIR; };
		004EDD4425ADE3C400DE3468 /* AppDelegate.swift */ = {isa = PBXFileReference; lastKnownFileType = sourcecode.swift; path = AppDelegate.swift; sourceTree = "<group>"; };
		004EDD4625ADE3C400DE3468 /* SceneDelegate.swift */ = {isa = PBXFileReference; lastKnownFileType = sourcecode.swift; path = SceneDelegate.swift; sourceTree = "<group>"; };
		004EDD4825ADE3C400DE3468 /* ViewController.swift */ = {isa = PBXFileReference; lastKnownFileType = sourcecode.swift; path = ViewController.swift; sourceTree = "<group>"; };
		004EDD4B25ADE3C400DE3468 /* Base */ = {isa = PBXFileReference; lastKnownFileType = file.storyboard; name = Base; path = Base.lproj/Main.storyboard; sourceTree = "<group>"; };
		004EDD4D25ADE3C800DE3468 /* Assets.xcassets */ = {isa = PBXFileReference; lastKnownFileType = folder.assetcatalog; path = Assets.xcassets; sourceTree = "<group>"; };
		004EDD5025ADE3C800DE3468 /* Base */ = {isa = PBXFileReference; lastKnownFileType = file.storyboard; name = Base; path = Base.lproj/LaunchScreen.storyboard; sourceTree = "<group>"; };
		004EDD5225ADE3C800DE3468 /* Info.plist */ = {isa = PBXFileReference; lastKnownFileType = text.plist.xml; path = Info.plist; sourceTree = "<group>"; };
		004EDD5725ADE3C800DE3468 /* SalesTaxTests.xctest */ = {isa = PBXFileReference; explicitFileType = wrapper.cfbundle; includeInIndex = 0; path = SalesTaxTests.xctest; sourceTree = BUILT_PRODUCTS_DIR; };
		004EDD5B25ADE3C800DE3468 /* SalesTaxTests.swift */ = {isa = PBXFileReference; lastKnownFileType = sourcecode.swift; path = SalesTaxTests.swift; sourceTree = "<group>"; };
		004EDD5D25ADE3C800DE3468 /* Info.plist */ = {isa = PBXFileReference; lastKnownFileType = text.plist.xml; path = Info.plist; sourceTree = "<group>"; };
		004EDD6225ADE3C800DE3468 /* SalesTaxUITests.xctest */ = {isa = PBXFileReference; explicitFileType = wrapper.cfbundle; includeInIndex = 0; path = SalesTaxUITests.xctest; sourceTree = BUILT_PRODUCTS_DIR; };
		004EDD6625ADE3C800DE3468 /* SalesTaxUITests.swift */ = {isa = PBXFileReference; lastKnownFileType = sourcecode.swift; path = SalesTaxUITests.swift; sourceTree = "<group>"; };
		004EDD6825ADE3C800DE3468 /* Info.plist */ = {isa = PBXFileReference; lastKnownFileType = text.plist.xml; path = Info.plist; sourceTree = "<group>"; };
/* End PBXFileReference section */

/* Begin PBXFrameworksBuildPhase section */
		004EDD3E25ADE3C400DE3468 /* Frameworks */ = {
			isa = PBXFrameworksBuildPhase;
			buildActionMask = 2147483647;
			files = (
			);
			runOnlyForDeploymentPostprocessing = 0;
		};
		004EDD5425ADE3C800DE3468 /* Frameworks */ = {
			isa = PBXFrameworksBuildPhase;
			buildActionMask = 2147483647;
			files = (
			);
			runOnlyForDeploymentPostprocessing = 0;
		};
		004EDD5F25ADE3C800DE3468 /* Frameworks */ = {
			isa = PBXFrameworksBuildPhase;
			buildActionMask = 2147483647;
			files = (
			);
			runOnlyForDeploymentPostprocessing = 0;
		};
/* End PBXFrameworksBuildPhase section */

/* Begin PBXGroup section */
		004EDD3825ADE3C400DE3468 = {
			isa = PBXGroup;
			children = (
				004EDD4325ADE3C400DE3468 /* SalesTax */,
				004EDD5A25ADE3C800DE3468 /* SalesTaxTests */,
				004EDD6525ADE3C800DE3468 /* SalesTaxUITests */,
				004EDD4225ADE3C400DE3468 /* Products */,
			);
			sourceTree = "<group>";
		};
		004EDD4225ADE3C400DE3468 /* Products */ = {
			isa = PBXGroup;
			children = (
				004EDD4125ADE3C400DE3468 /* SalesTax.app */,
				004EDD5725ADE3C800DE3468 /* SalesTaxTests.xctest */,
				004EDD6225ADE3C800DE3468 /* SalesTaxUITests.xctest */,
			);
			name = Products;
			sourceTree = "<group>";
		};
		004EDD4325ADE3C400DE3468 /* SalesTax */ = {
			isa = PBXGroup;
			children = (
				004EDD4425ADE3C400DE3468 /* AppDelegate.swift */,
				004EDD4625ADE3C400DE3468 /* SceneDelegate.swift */,
				004EDD4825ADE3C400DE3468 /* ViewController.swift */,
				004EDD4A25ADE3C400DE3468 /* Main.storyboard */,
				004EDD4D25ADE3C800DE3468 /* Assets.xcassets */,
				004EDD4F25ADE3C800DE3468 /* LaunchScreen.storyboard */,
				004EDD5225ADE3C800DE3468 /* Info.plist */,
			);
			path = SalesTax;
			sourceTree = "<group>";
		};
		004EDD5A25ADE3C800DE3468 /* SalesTaxTests */ = {
			isa = PBXGroup;
			children = (
				004EDD5B25ADE3C800DE3468 /* SalesTaxTests.swift */,
				004EDD5D25ADE3C800DE3468 /* Info.plist */,
			);
			path = SalesTaxTests;
			sourceTree = "<group>";
		};
		004EDD6525ADE3C800DE3468 /* SalesTaxUITests */ = {
			isa = PBXGroup;
			children = (
				004EDD6625ADE3C800DE3468 /* SalesTaxUITests.swift */,
				004EDD6825ADE3C800DE3468 /* Info.plist */,
			);
			path = SalesTaxUITests;
			sourceTree = "<group>";
		};
/* End PBXGroup section */

/* Begin PBXNativeTarget section */
		004EDD4025ADE3C400DE3468 /* SalesTax */ = {
			isa = PBXNativeTarget;
			buildConfigurationList = 004EDD6B25ADE3C800DE3468 /* Build configuration list for PBXNativeTarget "SalesTax" */;
			buildPhases = (
				004EDD3D25ADE3C400DE3468 /* Sources */,
				004EDD3E25ADE3C400DE3468 /* Frameworks */,
				004EDD3F25ADE3C400DE3468 /* Resources */,
			);
			buildRules = (
			);
			dependencies = (
			);
			name = SalesTax;
			productName = SalesTax;
			productReference = 004EDD4125ADE3C400DE3468 /* SalesTax.app */;
			productType = "com.apple.product-type.application";
		};
		004EDD5625ADE3C800DE3468 /* SalesTaxTests */ = {
			isa = PBXNativeTarget;
			buildConfigurationList = 004EDD6E25ADE3C800DE3468 /* Build configuration list for PBXNativeTarget "SalesTaxTests" */;
			buildPhases = (
				004EDD5325ADE3C800DE3468 /* Sources */,
				004EDD5425ADE3C800DE3468 /* Frameworks */,
				004EDD5525ADE3C800DE3468 /* Resources */,
			);
			buildRules = (
			);
			dependencies = (
				004EDD5925ADE3C800DE3468 /* PBXTargetDependency */,
			);
			name = SalesTaxTests;
			productName = SalesTaxTests;
			productReference = 004EDD5725ADE3C800DE3468 /* SalesTaxTests.xctest */;
			productType = "com.apple.product-type.bundle.unit-test";
		};
		004EDD6125ADE3C800DE3468 /* SalesTaxUITests */ = {
			isa = PBXNativeTarget;
			buildConfigurationList = 004EDD7125ADE3C800DE3468 /* Build configuration list for PBXNativeTarget "SalesTaxUITests" */;
			buildPhases = (
				004EDD5E25ADE3C800DE3468 /* Sources */,
				004EDD5F25ADE3C800DE3468 /* Frameworks */,
				004EDD6025ADE3C800DE3468 /* Resources */,
			);
			buildRules = (
			);
			dependencies = (
				004EDD6425ADE3C800DE3468 /* PBXTargetDependency */,
			);
			name = SalesTaxUITests;
			productName = SalesTaxUITests;
			productReference = 004EDD6225ADE3C800DE3468 /* SalesTaxUITests.xctest */;
			productType = "com.apple.product-type.bundle.ui-testing";
		};
/* End PBXNativeTarget section */

/* Begin PBXProject section */
		004EDD3925ADE3C400DE3468 /* Project object */ = {
			isa = PBXProject;
			attributes = {
				LastSwiftUpdateCheck = 1220;
				LastUpgradeCheck = 1220;
				TargetAttributes = {
					004EDD4025ADE3C400DE3468 = {
						CreatedOnToolsVersion = 12.2;
					};
					004EDD5625ADE3C800DE3468 = {
						CreatedOnToolsVersion = 12.2;
						TestTargetID = 004EDD4025ADE3C400DE3468;
					};
					004EDD6125ADE3C800DE3468 = {
						CreatedOnToolsVersion = 12.2;
						TestTargetID = 004EDD4025ADE3C400DE3468;
					};
				};
			};
			buildConfigurationList = 004EDD3C25ADE3C400DE3468 /* Build configuration list for PBXProject "SalesTax" */;
			compatibilityVersion = "Xcode 9.3";
			developmentRegion = en;
			hasScannedForEncodings = 0;
			knownRegions = (
				en,
				Base,
			);
			mainGroup = 004EDD3825ADE3C400DE3468;
			productRefGroup = 004EDD4225ADE3C400DE3468 /* Products */;
			projectDirPath = "";
			projectRoot = "";
			targets = (
				004EDD4025ADE3C400DE3468 /* SalesTax */,
				004EDD5625ADE3C800DE3468 /* SalesTaxTests */,
				004EDD6125ADE3C800DE3468 /* SalesTaxUITests */,
			);
		};
/* End PBXProject section */

/* Begin PBXResourcesBuildPhase section */
		004EDD3F25ADE3C400DE3468 /* Resources */ = {
			isa = PBXResourcesBuildPhase;
			buildActionMask = 2147483647;
			files = (
				004EDD5125ADE3C800DE3468 /* LaunchScreen.storyboard in Resources */,
				004EDD4E25ADE3C800DE3468 /* Assets.xcassets in Resources */,
				004EDD4C25ADE3C400DE3468 /* Main.storyboard in Resources */,
			);
			runOnlyForDeploymentPostprocessing = 0;
		};
		004EDD5525ADE3C800DE3468 /* Resources */ = {
			isa = PBXResourcesBuildPhase;
			buildActionMask = 2147483647;
			files = (
			);
			runOnlyForDeploymentPostprocessing = 0;
		};
		004EDD6025ADE3C800DE3468 /* Resources */ = {
			isa = PBXResourcesBuildPhase;
			buildActionMask = 2147483647;
			files = (
			);
			runOnlyForDeploymentPostprocessing = 0;
		};
/* End PBXResourcesBuildPhase section */

/* Begin PBXSourcesBuildPhase section */
		004EDD3D25ADE3C400DE3468 /* Sources */ = {
			isa = PBXSourcesBuildPhase;
			buildActionMask = 2147483647;
			files = (
				004EDD4925ADE3C400DE3468 /* ViewController.swift in Sources */,
				004EDD4525ADE3C400DE3468 /* AppDelegate.swift in Sources */,
				004EDD4725ADE3C400DE3468 /* SceneDelegate.swift in Sources */,
			);
			runOnlyForDeploymentPostprocessing = 0;
		};
		004EDD5325ADE3C800DE3468 /* Sources */ = {
			isa = PBXSourcesBuildPhase;
			buildActionMask = 2147483647;
			files = (
				004EDD5C25ADE3C800DE3468 /* SalesTaxTests.swift in Sources */,
			);
			runOnlyForDeploymentPostprocessing = 0;
		};
		004EDD5E25ADE3C800DE3468 /* Sources */ = {
			isa = PBXSourcesBuildPhase;
			buildActionMask = 2147483647;
			files = (
				004EDD6725ADE3C800DE3468 /* SalesTaxUITests.swift in Sources */,
			);
			runOnlyForDeploymentPostprocessing = 0;
		};
/* End PBXSourcesBuildPhase section */

/* Begin PBXTargetDependency section */
		004EDD5925ADE3C800DE3468 /* PBXTargetDependency */ = {
			isa = PBXTargetDependency;
			target = 004EDD4025ADE3C400DE3468 /* SalesTax */;
			targetProxy = 004EDD5825ADE3C800DE3468 /* PBXContainerItemProxy */;
		};
		004EDD6425ADE3C800DE3468 /* PBXTargetDependency */ = {
			isa = PBXTargetDependency;
			target = 004EDD4025ADE3C400DE3468 /* SalesTax */;
			targetProxy = 004EDD6325ADE3C800DE3468 /* PBXContainerItemProxy */;
		};
/* End PBXTargetDependency section */

/* Begin PBXVariantGroup section */
		004EDD4A25ADE3C400DE3468 /* Main.storyboard */ = {
			isa = PBXVariantGroup;
			children = (
				004EDD4B25ADE3C400DE3468 /* Base */,
			);
			name = Main.storyboard;
			sourceTree = "<group>";
		};
		004EDD4F25ADE3C800DE3468 /* LaunchScreen.storyboard */ = {
			isa = PBXVariantGroup;
			children = (
				004EDD5025ADE3C800DE3468 /* Base */,
			);
			name = LaunchScreen.storyboard;
			sourceTree = "<group>";
		};
/* End PBXVariantGroup section */

/* Begin XCBuildConfiguration section */
		004EDD6925ADE3C800DE3468 /* Debug */ = {
			isa = XCBuildConfiguration;
			buildSettings = {
				ALWAYS_SEARCH_USER_PATHS = NO;
				CLANG_ANALYZER_NONNULL = YES;
				CLANG_ANALYZER_NUMBER_OBJECT_CONVERSION = YES_AGGRESSIVE;
				CLANG_CXX_LANGUAGE_STANDARD = "gnu++14";
				CLANG_CXX_LIBRARY = "libc++";
				CLANG_ENABLE_MODULES = YES;
				CLANG_ENABLE_OBJC_ARC = YES;
				CLANG_ENABLE_OBJC_WEAK = YES;
				CLANG_WARN_BLOCK_CAPTURE_AUTORELEASING = YES;
				CLANG_WARN_BOOL_CONVERSION = YES;
				CLANG_WARN_COMMA = YES;
				CLANG_WARN_CONSTANT_CONVERSION = YES;
				CLANG_WARN_DEPRECATED_OBJC_IMPLEMENTATIONS = YES;
				CLANG_WARN_DIRECT_OBJC_ISA_USAGE = YES_ERROR;
				CLANG_WARN_DOCUMENTATION_COMMENTS = YES;
				CLANG_WARN_EMPTY_BODY = YES;
				CLANG_WARN_ENUM_CONVERSION = YES;
				CLANG_WARN_INFINITE_RECURSION = YES;
				CLANG_WARN_INT_CONVERSION = YES;
				CLANG_WARN_NON_LITERAL_NULL_CONVERSION = YES;
				CLANG_WARN_OBJC_IMPLICIT_RETAIN_SELF = YES;
				CLANG_WARN_OBJC_LITERAL_CONVERSION = YES;
				CLANG_WARN_OBJC_ROOT_CLASS = YES_ERROR;
				CLANG_WARN_QUOTED_INCLUDE_IN_FRAMEWORK_HEADER = YES;
				CLANG_WARN_RANGE_LOOP_ANALYSIS = YES;
				CLANG_WARN_STRICT_PROTOTYPES = YES;
				CLANG_WARN_SUSPICIOUS_MOVE = YES;
				CLANG_WARN_UNGUARDED_AVAILABILITY = YES_AGGRESSIVE;
				CLANG_WARN_UNREACHABLE_CODE = YES;
				CLANG_WARN__DUPLICATE_METHOD_MATCH = YES;
				COPY_PHASE_STRIP = NO;
				DEBUG_INFORMATION_FORMAT = dwarf;
				ENABLE_STRICT_OBJC_MSGSEND = YES;
				ENABLE_TESTABILITY = YES;
				GCC_C_LANGUAGE_STANDARD = gnu11;
				GCC_DYNAMIC_NO_PIC = NO;
				GCC_NO_COMMON_BLOCKS = YES;
				GCC_OPTIMIZATION_LEVEL = 0;
				GCC_PREPROCESSOR_DEFINITIONS = (
					"DEBUG=1",
					"$(inherited)",
				);
				GCC_WARN_64_TO_32_BIT_CONVERSION = YES;
				GCC_WARN_ABOUT_RETURN_TYPE = YES_ERROR;
				GCC_WARN_UNDECLARED_SELECTOR = YES;
				GCC_WARN_UNINITIALIZED_AUTOS = YES_AGGRESSIVE;
				GCC_WARN_UNUSED_FUNCTION = YES;
				GCC_WARN_UNUSED_VARIABLE = YES;
				IPHONEOS_DEPLOYMENT_TARGET = 14.2;
				MTL_ENABLE_DEBUG_INFO = INCLUDE_SOURCE;
				MTL_FAST_MATH = YES;
				ONLY_ACTIVE_ARCH = YES;
				SDKROOT = iphoneos;
				SWIFT_ACTIVE_COMPILATION_CONDITIONS = DEBUG;
				SWIFT_OPTIMIZATION_LEVEL = "-Onone";
			};
			name = Debug;
		};
		004EDD6A25ADE3C800DE3468 /* Release */ = {
			isa = XCBuildConfiguration;
			buildSettings = {
				ALWAYS_SEARCH_USER_PATHS = NO;
				CLANG_ANALYZER_NONNULL = YES;
				CLANG_ANALYZER_NUMBER_OBJECT_CONVERSION = YES_AGGRESSIVE;
				CLANG_CXX_LANGUAGE_STANDARD = "gnu++14";
				CLANG_CXX_LIBRARY = "libc++";
				CLANG_ENABLE_MODULES = YES;
				CLANG_ENABLE_OBJC_ARC = YES;
				CLANG_ENABLE_OBJC_WEAK = YES;
				CLANG_WARN_BLOCK_CAPTURE_AUTORELEASING = YES;
				CLANG_WARN_BOOL_CONVERSION = YES;
				CLANG_WARN_COMMA = YES;
				CLANG_WARN_CONSTANT_CONVERSION = YES;
				CLANG_WARN_DEPRECATED_OBJC_IMPLEMENTATIONS = YES;
				CLANG_WARN_DIRECT_OBJC_ISA_USAGE = YES_ERROR;
				CLANG_WARN_DOCUMENTATION_COMMENTS = YES;
				CLANG_WARN_EMPTY_BODY = YES;
				CLANG_WARN_ENUM_CONVERSION = YES;
				CLANG_WARN_INFINITE_RECURSION = YES;
				CLANG_WARN_INT_CONVERSION = YES;
				CLANG_WARN_NON_LITERAL_NULL_CONVERSION = YES;
				CLANG_WARN_OBJC_IMPLICIT_RETAIN_SELF = YES;
				CLANG_WARN_OBJC_LITERAL_CONVERSION = YES;
				CLANG_WARN_OBJC_ROOT_CLASS = YES_ERROR;
				CLANG_WARN_QUOTED_INCLUDE_IN_FRAMEWORK_HEADER = YES;
				CLANG_WARN_RANGE_LOOP_ANALYSIS = YES;
				CLANG_WARN_STRICT_PROTOTYPES = YES;
				CLANG_WARN_SUSPICIOUS_MOVE = YES;
				CLANG_WARN_UNGUARDED_AVAILABILITY = YES_AGGRESSIVE;
				CLANG_WARN_UNREACHABLE_CODE = YES;
				CLANG_WARN__DUPLICATE_METHOD_MATCH = YES;
				COPY_PHASE_STRIP = NO;
				DEBUG_INFORMATION_FORMAT = "dwarf-with-dsym";
				ENABLE_NS_ASSERTIONS = NO;
				ENABLE_STRICT_OBJC_MSGSEND = YES;
				GCC_C_LANGUAGE_STANDARD = gnu11;
				GCC_NO_COMMON_BLOCKS = YES;
				GCC_WARN_64_TO_32_BIT_CONVERSION = YES;
				GCC_WARN_ABOUT_RETURN_TYPE = YES_ERROR;
				GCC_WARN_UNDECLARED_SELECTOR = YES;
				GCC_WARN_UNINITIALIZED_AUTOS = YES_AGGRESSIVE;
				GCC_WARN_UNUSED_FUNCTION = YES;
				GCC_WARN_UNUSED_VARIABLE = YES;
				IPHONEOS_DEPLOYMENT_TARGET = 14.2;
				MTL_ENABLE_DEBUG_INFO = NO;
				MTL_FAST_MATH = YES;
				SDKROOT = iphoneos;
				SWIFT_COMPILATION_MODE = wholemodule;
				SWIFT_OPTIMIZATION_LEVEL = "-O";
				VALIDATE_PRODUCT = YES;
			};
			name = Release;
		};
		004EDD6C25ADE3C800DE3468 /* Debug */ = {
			isa = XCBuildConfiguration;
			buildSettings = {
				ASSETCATALOG_COMPILER_APPICON_NAME = AppIcon;
				ASSETCATALOG_COMPILER_GLOBAL_ACCENT_COLOR_NAME = AccentColor;
				CODE_SIGN_STYLE = Automatic;
				DEVELOPMENT_TEAM = T8N73YM4G4;
				INFOPLIST_FILE = SalesTax/Info.plist;
				IPHONEOS_DEPLOYMENT_TARGET = 13.0;
				LD_RUNPATH_SEARCH_PATHS = (
					"$(inherited)",
					"@executable_path/Frameworks",
				);
				PRODUCT_BUNDLE_IDENTIFIER = lucasIOSNative.SalesTax;
				PRODUCT_NAME = "$(TARGET_NAME)";
				SWIFT_VERSION = 5.0;
				TARGETED_DEVICE_FAMILY = 1;
			};
			name = Debug;
		};
		004EDD6D25ADE3C800DE3468 /* Release */ = {
			isa = XCBuildConfiguration;
			buildSettings = {
				ASSETCATALOG_COMPILER_APPICON_NAME = AppIcon;
				ASSETCATALOG_COMPILER_GLOBAL_ACCENT_COLOR_NAME = AccentColor;
				CODE_SIGN_STYLE = Automatic;
				DEVELOPMENT_TEAM = T8N73YM4G4;
				INFOPLIST_FILE = SalesTax/Info.plist;
				IPHONEOS_DEPLOYMENT_TARGET = 13.0;
				LD_RUNPATH_SEARCH_PATHS = (
					"$(inherited)",
					"@executable_path/Frameworks",
				);
				PRODUCT_BUNDLE_IDENTIFIER = lucasIOSNative.SalesTax;
				PRODUCT_NAME = "$(TARGET_NAME)";
				SWIFT_VERSION = 5.0;
				TARGETED_DEVICE_FAMILY = 1;
			};
			name = Release;
		};
		004EDD6F25ADE3C800DE3468 /* Debug */ = {
			isa = XCBuildConfiguration;
			buildSettings = {
				ALWAYS_EMBED_SWIFT_STANDARD_LIBRARIES = YES;
				BUNDLE_LOADER = "$(TEST_HOST)";
				CODE_SIGN_STYLE = Automatic;
				DEVELOPMENT_TEAM = T8N73YM4G4;
				INFOPLIST_FILE = SalesTaxTests/Info.plist;
				IPHONEOS_DEPLOYMENT_TARGET = 14.2;
				LD_RUNPATH_SEARCH_PATHS = (
					"$(inherited)",
					"@executable_path/Frameworks",
					"@loader_path/Frameworks",
				);
				PRODUCT_BUNDLE_IDENTIFIER = lucasIOSNative.SalesTaxTests;
				PRODUCT_NAME = "$(TARGET_NAME)";
				SWIFT_VERSION = 5.0;
				TARGETED_DEVICE_FAMILY = "1,2";
				TEST_HOST = "$(BUILT_PRODUCTS_DIR)/SalesTax.app/SalesTax";
			};
			name = Debug;
		};
		004EDD7025ADE3C800DE3468 /* Release */ = {
			isa = XCBuildConfiguration;
			buildSettings = {
				ALWAYS_EMBED_SWIFT_STANDARD_LIBRARIES = YES;
				BUNDLE_LOADER = "$(TEST_HOST)";
				CODE_SIGN_STYLE = Automatic;
				DEVELOPMENT_TEAM = T8N73YM4G4;
				INFOPLIST_FILE = SalesTaxTests/Info.plist;
				IPHONEOS_DEPLOYMENT_TARGET = 14.2;
				LD_RUNPATH_SEARCH_PATHS = (
					"$(inherited)",
					"@executable_path/Frameworks",
					"@loader_path/Frameworks",
				);
				PRODUCT_BUNDLE_IDENTIFIER = lucasIOSNative.SalesTaxTests;
				PRODUCT_NAME = "$(TARGET_NAME)";
				SWIFT_VERSION = 5.0;
				TARGETED_DEVICE_FAMILY = "1,2";
				TEST_HOST = "$(BUILT_PRODUCTS_DIR)/SalesTax.app/SalesTax";
			};
			name = Release;
		};
		004EDD7225ADE3C800DE3468 /* Debug */ = {
			isa = XCBuildConfiguration;
			buildSettings = {
				ALWAYS_EMBED_SWIFT_STANDARD_LIBRARIES = YES;
				CODE_SIGN_STYLE = Automatic;
				DEVELOPMENT_TEAM = T8N73YM4G4;
				INFOPLIST_FILE = SalesTaxUITests/Info.plist;
				LD_RUNPATH_SEARCH_PATHS = (
					"$(inherited)",
					"@executable_path/Frameworks",
					"@loader_path/Frameworks",
				);
				PRODUCT_BUNDLE_IDENTIFIER = lucasIOSNative.SalesTaxUITests;
				PRODUCT_NAME = "$(TARGET_NAME)";
				SWIFT_VERSION = 5.0;
				TARGETED_DEVICE_FAMILY = "1,2";
				TEST_TARGET_NAME = SalesTax;
			};
			name = Debug;
		};
		004EDD7325ADE3C800DE3468 /* Release */ = {
			isa = XCBuildConfiguration;
			buildSettings = {
				ALWAYS_EMBED_SWIFT_STANDARD_LIBRARIES = YES;
				CODE_SIGN_STYLE = Automatic;
				DEVELOPMENT_TEAM = T8N73YM4G4;
				INFOPLIST_FILE = SalesTaxUITests/Info.plist;
				LD_RUNPATH_SEARCH_PATHS = (
					"$(inherited)",
					"@executable_path/Frameworks",
					"@loader_path/Frameworks",
				);
				PRODUCT_BUNDLE_IDENTIFIER = lucasIOSNative.SalesTaxUITests;
				PRODUCT_NAME = "$(TARGET_NAME)";
				SWIFT_VERSION = 5.0;
				TARGETED_DEVICE_FAMILY = "1,2";
				TEST_TARGET_NAME = SalesTax;
			};
			name = Release;
		};
/* End XCBuildConfiguration section */

/* Begin XCConfigurationList section */
		004EDD3C25ADE3C400DE3468 /* Build configuration list for PBXProject "SalesTax" */ = {
			isa = XCConfigurationList;
			buildConfigurations = (
				004EDD6925ADE3C800DE3468 /* Debug */,
				004EDD6A25ADE3C800DE3468 /* Release */,
			);
			defaultConfigurationIsVisible = 0;
			defaultConfigurationName = Release;
		};
		004EDD6B25ADE3C800DE3468 /* Build configuration list for PBXNativeTarget "SalesTax" */ = {
			isa = XCConfigurationList;
			buildConfigurations = (
				004EDD6C25ADE3C800DE3468 /* Debug */,
				004EDD6D25ADE3C800DE3468 /* Release */,
			);
			defaultConfigurationIsVisible = 0;
			defaultConfigurationName = Release;
		};
		004EDD6E25ADE3C800DE3468 /* Build configuration list for PBXNativeTarget "SalesTaxTests" */ = {
			isa = XCConfigurationList;
			buildConfigurations = (
				004EDD6F25ADE3C800DE3468 /* Debug */,
				004EDD7025ADE3C800DE3468 /* Release */,
			);
			defaultConfigurationIsVisible = 0;
			defaultConfigurationName = Release;
		};
		004EDD7125ADE3C800DE3468 /* Build configuration list for PBXNativeTarget "SalesTaxUITests" */ = {
			isa = XCConfigurationList;
			buildConfigurations = (
				004EDD7225ADE3C800DE3468 /* Debug */,
				004EDD7325ADE3C800DE3468 /* Release */,
			);
			defaultConfigurationIsVisible = 0;
			defaultConfigurationName = Release;
		};
/* End XCConfigurationList section */
	};
	rootObject = 004EDD3925ADE3C400DE3468 /* Project object */;
}
